
Microsoft Visual Studio Solution File, Format Version 12.00
# Visual Studio Version 16
VisualStudioVersion = 16.0.33027.164
MinimumVisualStudioVersion = 10.0.40219.1
Project("{FAE04EC0-301F-11D3-BF4B-00C04F79EFBC}") = "DemoWPF", "DemoWPF\DemoWPF.csproj", "{81E19431-4C51-4705-83F0-C15A4E0ACEB5}"
EndProject
Global
	GlobalSection(SolutionConfigurationPlatforms) = preSolution
		Debug|Any CPU = Debug|Any CPU
		Release|Any CPU = Release|Any CPU
	EndGlobalSection
	GlobalSection(ProjectConfigurationPlatforms) = postSolution
		{81E19431-4C51-4705-83F0-C15A4E0ACEB5}.Debug|Any CPU.ActiveCfg = Debug|Any CPU
		{81E19431-4C51-4705-83F0-C15A4E0ACEB5}.Debug|Any CPU.Build.0 = Debug|Any CPU
		{81E19431-4C51-4705-83F0-C15A4E0ACEB5}.Release|Any CPU.ActiveCfg = Release|Any CPU
		{81E19431-4C51-4705-83F0-C15A4E0ACEB5}.Release|Any CPU.Build.0 = Release|Any CPU
	EndGlobalSection
	GlobalSection(SolutionProperties) = preSolution
		HideSolutionNode = FALSE
	EndGlobalSection
	GlobalSection(ExtensibilityGlobals) = postSolution
		SolutionGuid = {F745D23E-3426-4D71-8592-30D7D00636FF}
	EndGlobalSection
EndGlobal
